
Microsoft Visual Studio Solution File, Format Version 12.00
# Visual Studio 15
VisualStudioVersion = 15.0.27130.2036
MinimumVisualStudioVersion = 10.0.40219.1
Project("{8BC9CEB8-8B4A-11D0-8D11-00A0C91BC942}") = "struct_experiment", "struct_experiment\struct_experiment.vcxproj", "{1F510740-DDB9-40C8-994A-7034C29CA5C0}"
EndProject
Global
	GlobalSection(SolutionConfigurationPlatforms) = preSolution
		Debug|x64 = Debug|x64
		Debug|x86 = Debug|x86
		Release|x64 = Release|x64
		Release|x86 = Release|x86
	EndGlobalSection
	GlobalSection(ProjectConfigurationPlatforms) = postSolution
		{1F510740-DDB9-40C8-994A-7034C29CA5C0}.Debug|x64.ActiveCfg = Debug|x64
		{1F510740-DDB9-40C8-994A-7034C29CA5C0}.Debug|x64.Build.0 = Debug|x64
		{1F510740-DDB9-40C8-994A-7034C29CA5C0}.Debug|x86.ActiveCfg = Debug|Win32
		{1F510740-DDB9-40C8-994A-7034C29CA5C0}.Debug|x86.Build.0 = Debug|Win32
		{1F510740-DDB9-40C8-994A-7034C29CA5C0}.Release|x64.ActiveCfg = Release|x64
		{1F510740-DDB9-40C8-994A-7034C29CA5C0}.Release|x64.Build.0 = Release|x64
		{1F510740-DDB9-40C8-994A-7034C29CA5C0}.Release|x86.ActiveCfg = Release|Win32
		{1F510740-DDB9-40C8-994A-7034C29CA5C0}.Release|x86.Build.0 = Release|Win32
	EndGlobalSection
	GlobalSection(SolutionProperties) = preSolution
		HideSolutionNode = FALSE
	EndGlobalSection
	GlobalSection(ExtensibilityGlobals) = postSolution
		SolutionGuid = {670D3A6A-B266-4BDD-B7A3-C207826B85A1}
	EndGlobalSection
EndGlobal
